
Microsoft Visual Studio Solution File, Format Version 12.00
# Visual Studio Version 17
VisualStudioVersion = 17.13.35931.197 d17.13
MinimumVisualStudioVersion = 10.0.40219.1
Project("{FAE04EC0-301F-11D3-BF4B-00C04F79EFBC}") = "IdentityCase", "IdentityCase\IdentityCase.csproj", "{00AF9AB9-4F4D-46EE-AA07-AE63DC460D10}"
EndProject
Global
	GlobalSection(SolutionConfigurationPlatforms) = preSolution
		Debug|Any CPU = Debug|Any CPU
		Release|Any CPU = Release|Any CPU
	EndGlobalSection
	GlobalSection(ProjectConfigurationPlatforms) = postSolution
		{00AF9AB9-4F4D-46EE-AA07-AE63DC460D10}.Debug|Any CPU.ActiveCfg = Debug|Any CPU
		{00AF9AB9-4F4D-46EE-AA07-AE63DC460D10}.Debug|Any CPU.Build.0 = Debug|Any CPU
		{00AF9AB9-4F4D-46EE-AA07-AE63DC460D10}.Release|Any CPU.ActiveCfg = Release|Any CPU
		{00AF9AB9-4F4D-46EE-AA07-AE63DC460D10}.Release|Any CPU.Build.0 = Release|Any CPU
	EndGlobalSection
	GlobalSection(SolutionProperties) = preSolution
		HideSolutionNode = FALSE
	EndGlobalSection
	GlobalSection(ExtensibilityGlobals) = postSolution
		SolutionGuid = {B10F8602-08EB-4AF0-83F7-F33CBF8CFB83}
	EndGlobalSection
EndGlobal
